
Microsoft Visual Studio Solution File, Format Version 12.00
# Visual Studio Version 16
VisualStudioVersion = 16.0.31019.35
MinimumVisualStudioVersion = 10.0.40219.1
Project("{FAE04EC0-301F-11D3-BF4B-00C04F79EFBC}") = "UserInterface", "UserInterface\UserInterface.csproj", "{D5773467-B671-4E67-AC6A-0D836BC8649F}"
EndProject
Project("{FAE04EC0-301F-11D3-BF4B-00C04F79EFBC}") = "GameLogic", "GameLogic\GameLogic.csproj", "{B966F8FE-F42D-43E1-9B5C-9BC4E81E69A5}"
EndProject
Global
	GlobalSection(SolutionConfigurationPlatforms) = preSolution
		Debug|Any CPU = Debug|Any CPU
		Release|Any CPU = Release|Any CPU
	EndGlobalSection
	GlobalSection(ProjectConfigurationPlatforms) = postSolution
		{D5773467-B671-4E67-AC6A-0D836BC8649F}.Debug|Any CPU.ActiveCfg = Debug|Any CPU
		{D5773467-B671-4E67-AC6A-0D836BC8649F}.Debug|Any CPU.Build.0 = Debug|Any CPU
		{D5773467-B671-4E67-AC6A-0D836BC8649F}.Release|Any CPU.ActiveCfg = Release|Any CPU
		{D5773467-B671-4E67-AC6A-0D836BC8649F}.Release|Any CPU.Build.0 = Release|Any CPU
		{B966F8FE-F42D-43E1-9B5C-9BC4E81E69A5}.Debug|Any CPU.ActiveCfg = Debug|Any CPU
		{B966F8FE-F42D-43E1-9B5C-9BC4E81E69A5}.Debug|Any CPU.Build.0 = Debug|Any CPU
		{B966F8FE-F42D-43E1-9B5C-9BC4E81E69A5}.Release|Any CPU.ActiveCfg = Release|Any CPU
		{B966F8FE-F42D-43E1-9B5C-9BC4E81E69A5}.Release|Any CPU.Build.0 = Release|Any CPU
	EndGlobalSection
	GlobalSection(SolutionProperties) = preSolution
		HideSolutionNode = FALSE
	EndGlobalSection
	GlobalSection(ExtensibilityGlobals) = postSolution
		SolutionGuid = {8F7F60B2-DF4F-454C-996B-D1EF31054D50}
	EndGlobalSection
EndGlobal
